
Microsoft Visual Studio Solution File, Format Version 12.00
# Visual Studio Version 17
VisualStudioVersion = 17.0.31903.59
MinimumVisualStudioVersion = 10.0.40219.1
Project("{2150E333-8FDC-42A3-9474-1A3956D46DE8}") = "tests", "tests", "{0AB3BF05-4346-4AA6-1389-037BE0695223}"
EndProject
Project("{FAE04EC0-301F-11D3-BF4B-00C04F79EFBC}") = "AnkiCommunicationTest", "tests\AnkiCommunicationTest\AnkiCommunicationTest.csproj", "{11B05802-3104-4174-A8F4-082C73A3E2A4}"
EndProject
Project("{2150E333-8FDC-42A3-9474-1A3956D46DE8}") = "src", "src", "{827E0CD3-B72D-47B6-A68D-7590B98EB39B}"
EndProject
Project("{FAE04EC0-301F-11D3-BF4B-00C04F79EFBC}") = "AnkiCommunicationService", "src\AnkiCommunicationService\AnkiCommunicationService.csproj", "{15A036BC-C8EF-4098-9929-7B30F0FF22DA}"
EndProject
Project("{FAE04EC0-301F-11D3-BF4B-00C04F79EFBC}") = "DesktopService", "src\DesktopService\DesktopService.csproj", "{AB47D3A0-A5CC-47C1-9DD6-AC9EE14E6714}"
EndProject
Project("{FAE04EC0-301F-11D3-BF4B-00C04F79EFBC}") = "GatewayService", "src\GatewayService\GatewayService.csproj", "{FE00D68A-BAB0-49EC-A5E5-14428F1B76A9}"
EndProject
Project("{FAE04EC0-301F-11D3-BF4B-00C04F79EFBC}") = "BffService", "src\BffService\BffService.csproj", "{99F2E6ED-B2ED-4DCE-8A75-3C3924DC1FF4}"
EndProject
Project("{FAE04EC0-301F-11D3-BF4B-00C04F79EFBC}") = "IdentityServer", "src\IdentityServer\IdentityServer.csproj", "{AEB1BBD9-21BB-48EC-9490-2BCE2CAA5EBF}"
EndProject
Project("{2150E333-8FDC-42A3-9474-1A3956D46DE8}") = "aspire", "aspire", "{64880D93-BAB4-FF83-898C-B934B68C31A9}"
EndProject
Project("{FAE04EC0-301F-11D3-BF4B-00C04F79EFBC}") = "AspireServiceDefaults", "aspire\AspireServiceDefaults\AspireServiceDefaults.csproj", "{A037B7D9-5E0E-460C-B54B-D1ACB1715919}"
EndProject
Project("{FAE04EC0-301F-11D3-BF4B-00C04F79EFBC}") = "AspireHost", "aspire\AspireHost\AspireHost.csproj", "{1A46FFF7-B2B1-43C6-B1E6-A8C399969C63}"
EndProject
Global
	GlobalSection(SolutionConfigurationPlatforms) = preSolution
		Debug|Any CPU = Debug|Any CPU
		Debug|x64 = Debug|x64
		Debug|x86 = Debug|x86
		Release|Any CPU = Release|Any CPU
		Release|x64 = Release|x64
		Release|x86 = Release|x86
	EndGlobalSection
	GlobalSection(ProjectConfigurationPlatforms) = postSolution
		{11B05802-3104-4174-A8F4-082C73A3E2A4}.Debug|Any CPU.ActiveCfg = Debug|Any CPU
		{11B05802-3104-4174-A8F4-082C73A3E2A4}.Debug|Any CPU.Build.0 = Debug|Any CPU
		{11B05802-3104-4174-A8F4-082C73A3E2A4}.Debug|x64.ActiveCfg = Debug|Any CPU
		{11B05802-3104-4174-A8F4-082C73A3E2A4}.Debug|x64.Build.0 = Debug|Any CPU
		{11B05802-3104-4174-A8F4-082C73A3E2A4}.Debug|x86.ActiveCfg = Debug|Any CPU
		{11B05802-3104-4174-A8F4-082C73A3E2A4}.Debug|x86.Build.0 = Debug|Any CPU
		{11B05802-3104-4174-A8F4-082C73A3E2A4}.Release|Any CPU.ActiveCfg = Release|Any CPU
		{11B05802-3104-4174-A8F4-082C73A3E2A4}.Release|Any CPU.Build.0 = Release|Any CPU
		{11B05802-3104-4174-A8F4-082C73A3E2A4}.Release|x64.ActiveCfg = Release|Any CPU
		{11B05802-3104-4174-A8F4-082C73A3E2A4}.Release|x64.Build.0 = Release|Any CPU
		{11B05802-3104-4174-A8F4-082C73A3E2A4}.Release|x86.ActiveCfg = Release|Any CPU
		{11B05802-3104-4174-A8F4-082C73A3E2A4}.Release|x86.Build.0 = Release|Any CPU
		{15A036BC-C8EF-4098-9929-7B30F0FF22DA}.Debug|Any CPU.ActiveCfg = Debug|Any CPU
		{15A036BC-C8EF-4098-9929-7B30F0FF22DA}.Debug|Any CPU.Build.0 = Debug|Any CPU
		{15A036BC-C8EF-4098-9929-7B30F0FF22DA}.Debug|x64.ActiveCfg = Debug|Any CPU
		{15A036BC-C8EF-4098-9929-7B30F0FF22DA}.Debug|x64.Build.0 = Debug|Any CPU
		{15A036BC-C8EF-4098-9929-7B30F0FF22DA}.Debug|x86.ActiveCfg = Debug|Any CPU
		{15A036BC-C8EF-4098-9929-7B30F0FF22DA}.Debug|x86.Build.0 = Debug|Any CPU
		{15A036BC-C8EF-4098-9929-7B30F0FF22DA}.Release|Any CPU.ActiveCfg = Release|Any CPU
		{15A036BC-C8EF-4098-9929-7B30F0FF22DA}.Release|Any CPU.Build.0 = Release|Any CPU
		{15A036BC-C8EF-4098-9929-7B30F0FF22DA}.Release|x64.ActiveCfg = Release|Any CPU
		{15A036BC-C8EF-4098-9929-7B30F0FF22DA}.Release|x64.Build.0 = Release|Any CPU
		{15A036BC-C8EF-4098-9929-7B30F0FF22DA}.Release|x86.ActiveCfg = Release|Any CPU
		{15A036BC-C8EF-4098-9929-7B30F0FF22DA}.Release|x86.Build.0 = Release|Any CPU
		{AB47D3A0-A5CC-47C1-9DD6-AC9EE14E6714}.Debug|Any CPU.ActiveCfg = Debug|Any CPU
		{AB47D3A0-A5CC-47C1-9DD6-AC9EE14E6714}.Debug|Any CPU.Build.0 = Debug|Any CPU
		{AB47D3A0-A5CC-47C1-9DD6-AC9EE14E6714}.Debug|x64.ActiveCfg = Debug|Any CPU
		{AB47D3A0-A5CC-47C1-9DD6-AC9EE14E6714}.Debug|x64.Build.0 = Debug|Any CPU
		{AB47D3A0-A5CC-47C1-9DD6-AC9EE14E6714}.Debug|x86.ActiveCfg = Debug|Any CPU
		{AB47D3A0-A5CC-47C1-9DD6-AC9EE14E6714}.Debug|x86.Build.0 = Debug|Any CPU
		{AB47D3A0-A5CC-47C1-9DD6-AC9EE14E6714}.Release|Any CPU.ActiveCfg = Release|Any CPU
		{AB47D3A0-A5CC-47C1-9DD6-AC9EE14E6714}.Release|Any CPU.Build.0 = Release|Any CPU
		{AB47D3A0-A5CC-47C1-9DD6-AC9EE14E6714}.Release|x64.ActiveCfg = Release|Any CPU
		{AB47D3A0-A5CC-47C1-9DD6-AC9EE14E6714}.Release|x64.Build.0 = Release|Any CPU
		{AB47D3A0-A5CC-47C1-9DD6-AC9EE14E6714}.Release|x86.ActiveCfg = Release|Any CPU
		{AB47D3A0-A5CC-47C1-9DD6-AC9EE14E6714}.Release|x86.Build.0 = Release|Any CPU
		{FE00D68A-BAB0-49EC-A5E5-14428F1B76A9}.Debug|Any CPU.ActiveCfg = Debug|Any CPU
		{FE00D68A-BAB0-49EC-A5E5-14428F1B76A9}.Debug|Any CPU.Build.0 = Debug|Any CPU
		{FE00D68A-BAB0-49EC-A5E5-14428F1B76A9}.Debug|x64.ActiveCfg = Debug|Any CPU
		{FE00D68A-BAB0-49EC-A5E5-14428F1B76A9}.Debug|x64.Build.0 = Debug|Any CPU
		{FE00D68A-BAB0-49EC-A5E5-14428F1B76A9}.Debug|x86.ActiveCfg = Debug|Any CPU
		{FE00D68A-BAB0-49EC-A5E5-14428F1B76A9}.Debug|x86.Build.0 = Debug|Any CPU
		{FE00D68A-BAB0-49EC-A5E5-14428F1B76A9}.Release|Any CPU.ActiveCfg = Release|Any CPU
		{FE00D68A-BAB0-49EC-A5E5-14428F1B76A9}.Release|Any CPU.Build.0 = Release|Any CPU
		{FE00D68A-BAB0-49EC-A5E5-14428F1B76A9}.Release|x64.ActiveCfg = Release|Any CPU
		{FE00D68A-BAB0-49EC-A5E5-14428F1B76A9}.Release|x64.Build.0 = Release|Any CPU
		{FE00D68A-BAB0-49EC-A5E5-14428F1B76A9}.Release|x86.ActiveCfg = Release|Any CPU
		{FE00D68A-BAB0-49EC-A5E5-14428F1B76A9}.Release|x86.Build.0 = Release|Any CPU
		{99F2E6ED-B2ED-4DCE-8A75-3C3924DC1FF4}.Debug|Any CPU.ActiveCfg = Debug|Any CPU
		{99F2E6ED-B2ED-4DCE-8A75-3C3924DC1FF4}.Debug|Any CPU.Build.0 = Debug|Any CPU
		{99F2E6ED-B2ED-4DCE-8A75-3C3924DC1FF4}.Debug|x64.ActiveCfg = Debug|Any CPU
		{99F2E6ED-B2ED-4DCE-8A75-3C3924DC1FF4}.Debug|x64.Build.0 = Debug|Any CPU
		{99F2E6ED-B2ED-4DCE-8A75-3C3924DC1FF4}.Debug|x86.ActiveCfg = Debug|Any CPU
		{99F2E6ED-B2ED-4DCE-8A75-3C3924DC1FF4}.Debug|x86.Build.0 = Debug|Any CPU
		{99F2E6ED-B2ED-4DCE-8A75-3C3924DC1FF4}.Release|Any CPU.ActiveCfg = Release|Any CPU
		{99F2E6ED-B2ED-4DCE-8A75-3C3924DC1FF4}.Release|Any CPU.Build.0 = Release|Any CPU
		{99F2E6ED-B2ED-4DCE-8A75-3C3924DC1FF4}.Release|x64.ActiveCfg = Release|Any CPU
		{99F2E6ED-B2ED-4DCE-8A75-3C3924DC1FF4}.Release|x64.Build.0 = Release|Any CPU
		{99F2E6ED-B2ED-4DCE-8A75-3C3924DC1FF4}.Release|x86.ActiveCfg = Release|Any CPU
		{99F2E6ED-B2ED-4DCE-8A75-3C3924DC1FF4}.Release|x86.Build.0 = Release|Any CPU
		{AEB1BBD9-21BB-48EC-9490-2BCE2CAA5EBF}.Debug|Any CPU.ActiveCfg = Debug|Any CPU
		{AEB1BBD9-21BB-48EC-9490-2BCE2CAA5EBF}.Debug|Any CPU.Build.0 = Debug|Any CPU
		{AEB1BBD9-21BB-48EC-9490-2BCE2CAA5EBF}.Debug|x64.ActiveCfg = Debug|Any CPU
		{AEB1BBD9-21BB-48EC-9490-2BCE2CAA5EBF}.Debug|x64.Build.0 = Debug|Any CPU
		{AEB1BBD9-21BB-48EC-9490-2BCE2CAA5EBF}.Debug|x86.ActiveCfg = Debug|Any CPU
		{AEB1BBD9-21BB-48EC-9490-2BCE2CAA5EBF}.Debug|x86.Build.0 = Debug|Any CPU
		{AEB1BBD9-21BB-48EC-9490-2BCE2CAA5EBF}.Release|Any CPU.ActiveCfg = Release|Any CPU
		{AEB1BBD9-21BB-48EC-9490-2BCE2CAA5EBF}.Release|Any CPU.Build.0 = Release|Any CPU
		{AEB1BBD9-21BB-48EC-9490-2BCE2CAA5EBF}.Release|x64.ActiveCfg = Release|Any CPU
		{AEB1BBD9-21BB-48EC-9490-2BCE2CAA5EBF}.Release|x64.Build.0 = Release|Any CPU
		{AEB1BBD9-21BB-48EC-9490-2BCE2CAA5EBF}.Release|x86.ActiveCfg = Release|Any CPU
		{AEB1BBD9-21BB-48EC-9490-2BCE2CAA5EBF}.Release|x86.Build.0 = Release|Any CPU
		{A037B7D9-5E0E-460C-B54B-D1ACB1715919}.Debug|Any CPU.ActiveCfg = Debug|Any CPU
		{A037B7D9-5E0E-460C-B54B-D1ACB1715919}.Debug|Any CPU.Build.0 = Debug|Any CPU
		{A037B7D9-5E0E-460C-B54B-D1ACB1715919}.Debug|x64.ActiveCfg = Debug|Any CPU
		{A037B7D9-5E0E-460C-B54B-D1ACB1715919}.Debug|x64.Build.0 = Debug|Any CPU
		{A037B7D9-5E0E-460C-B54B-D1ACB1715919}.Debug|x86.ActiveCfg = Debug|Any CPU
		{A037B7D9-5E0E-460C-B54B-D1ACB1715919}.Debug|x86.Build.0 = Debug|Any CPU
		{A037B7D9-5E0E-460C-B54B-D1ACB1715919}.Release|Any CPU.ActiveCfg = Release|Any CPU
		{A037B7D9-5E0E-460C-B54B-D1ACB1715919}.Release|Any CPU.Build.0 = Release|Any CPU
		{A037B7D9-5E0E-460C-B54B-D1ACB1715919}.Release|x64.ActiveCfg = Release|Any CPU
		{A037B7D9-5E0E-460C-B54B-D1ACB1715919}.Release|x64.Build.0 = Release|Any CPU
		{A037B7D9-5E0E-460C-B54B-D1ACB1715919}.Release|x86.ActiveCfg = Release|Any CPU
		{A037B7D9-5E0E-460C-B54B-D1ACB1715919}.Release|x86.Build.0 = Release|Any CPU
		{1A46FFF7-B2B1-43C6-B1E6-A8C399969C63}.Debug|Any CPU.ActiveCfg = Debug|Any CPU
		{1A46FFF7-B2B1-43C6-B1E6-A8C399969C63}.Debug|Any CPU.Build.0 = Debug|Any CPU
		{1A46FFF7-B2B1-43C6-B1E6-A8C399969C63}.Debug|x64.ActiveCfg = Debug|Any CPU
		{1A46FFF7-B2B1-43C6-B1E6-A8C399969C63}.Debug|x64.Build.0 = Debug|Any CPU
		{1A46FFF7-B2B1-43C6-B1E6-A8C399969C63}.Debug|x86.ActiveCfg = Debug|Any CPU
		{1A46FFF7-B2B1-43C6-B1E6-A8C399969C63}.Debug|x86.Build.0 = Debug|Any CPU
		{1A46FFF7-B2B1-43C6-B1E6-A8C399969C63}.Release|Any CPU.ActiveCfg = Release|Any CPU
		{1A46FFF7-B2B1-43C6-B1E6-A8C399969C63}.Release|Any CPU.Build.0 = Release|Any CPU
		{1A46FFF7-B2B1-43C6-B1E6-A8C399969C63}.Release|x64.ActiveCfg = Release|Any CPU
		{1A46FFF7-B2B1-43C6-B1E6-A8C399969C63}.Release|x64.Build.0 = Release|Any CPU
		{1A46FFF7-B2B1-43C6-B1E6-A8C399969C63}.Release|x86.ActiveCfg = Release|Any CPU
		{1A46FFF7-B2B1-43C6-B1E6-A8C399969C63}.Release|x86.Build.0 = Release|Any CPU
	EndGlobalSection
	GlobalSection(SolutionProperties) = preSolution
		HideSolutionNode = FALSE
	EndGlobalSection
	GlobalSection(NestedProjects) = preSolution
		{11B05802-3104-4174-A8F4-082C73A3E2A4} = {0AB3BF05-4346-4AA6-1389-037BE0695223}
		{15A036BC-C8EF-4098-9929-7B30F0FF22DA} = {827E0CD3-B72D-47B6-A68D-7590B98EB39B}
		{AB47D3A0-A5CC-47C1-9DD6-AC9EE14E6714} = {827E0CD3-B72D-47B6-A68D-7590B98EB39B}
		{FE00D68A-BAB0-49EC-A5E5-14428F1B76A9} = {827E0CD3-B72D-47B6-A68D-7590B98EB39B}
		{99F2E6ED-B2ED-4DCE-8A75-3C3924DC1FF4} = {827E0CD3-B72D-47B6-A68D-7590B98EB39B}
		{AEB1BBD9-21BB-48EC-9490-2BCE2CAA5EBF} = {827E0CD3-B72D-47B6-A68D-7590B98EB39B}
		{A037B7D9-5E0E-460C-B54B-D1ACB1715919} = {64880D93-BAB4-FF83-898C-B934B68C31A9}
		{1A46FFF7-B2B1-43C6-B1E6-A8C399969C63} = {64880D93-BAB4-FF83-898C-B934B68C31A9}
	EndGlobalSection
EndGlobal
